
Microsoft Visual Studio Solution File, Format Version 12.00
# Visual Studio Version 17
VisualStudioVersion = 17.12.35527.113 d17.12
MinimumVisualStudioVersion = 10.0.40219.1
Project("{FAE04EC0-301F-11D3-BF4B-00C04F79EFBC}") = "capa presentacion", "proyecto de gamalier\capa presentacion.csproj", "{2BDB62AA-21A9-4C05-874B-5DC9E85C93F1}"
EndProject
Project("{FAE04EC0-301F-11D3-BF4B-00C04F79EFBC}") = "Capa negocio", "Capa negocio\Capa negocio.csproj", "{F4433D62-664F-4BF9-9440-1683B4B662B9}"
EndProject
Project("{FAE04EC0-301F-11D3-BF4B-00C04F79EFBC}") = "Capa datos", "Capa datos\Capa datos.csproj", "{77C78C71-698B-4752-91EF-1926913EB6EB}"
EndProject
Global
	GlobalSection(SolutionConfigurationPlatforms) = preSolution
		Debug|Any CPU = Debug|Any CPU
		Release|Any CPU = Release|Any CPU
	EndGlobalSection
	GlobalSection(ProjectConfigurationPlatforms) = postSolution
		{2BDB62AA-21A9-4C05-874B-5DC9E85C93F1}.Debug|Any CPU.ActiveCfg = Debug|Any CPU
		{2BDB62AA-21A9-4C05-874B-5DC9E85C93F1}.Debug|Any CPU.Build.0 = Debug|Any CPU
		{2BDB62AA-21A9-4C05-874B-5DC9E85C93F1}.Release|Any CPU.ActiveCfg = Release|Any CPU
		{2BDB62AA-21A9-4C05-874B-5DC9E85C93F1}.Release|Any CPU.Build.0 = Release|Any CPU
		{F4433D62-664F-4BF9-9440-1683B4B662B9}.Debug|Any CPU.ActiveCfg = Debug|Any CPU
		{F4433D62-664F-4BF9-9440-1683B4B662B9}.Debug|Any CPU.Build.0 = Debug|Any CPU
		{F4433D62-664F-4BF9-9440-1683B4B662B9}.Release|Any CPU.ActiveCfg = Release|Any CPU
		{F4433D62-664F-4BF9-9440-1683B4B662B9}.Release|Any CPU.Build.0 = Release|Any CPU
		{77C78C71-698B-4752-91EF-1926913EB6EB}.Debug|Any CPU.ActiveCfg = Debug|Any CPU
		{77C78C71-698B-4752-91EF-1926913EB6EB}.Debug|Any CPU.Build.0 = Debug|Any CPU
		{77C78C71-698B-4752-91EF-1926913EB6EB}.Release|Any CPU.ActiveCfg = Release|Any CPU
		{77C78C71-698B-4752-91EF-1926913EB6EB}.Release|Any CPU.Build.0 = Release|Any CPU
	EndGlobalSection
	GlobalSection(SolutionProperties) = preSolution
		HideSolutionNode = FALSE
	EndGlobalSection
EndGlobal
