
Microsoft Visual Studio Solution File, Format Version 12.00
# Visual Studio Version 17
VisualStudioVersion = 17.11.35208.52
MinimumVisualStudioVersion = 10.0.40219.1
Project("{FAE04EC0-301F-11D3-BF4B-00C04F79EFBC}") = "Vorm badelyn", "Vorm badelyn\Vorm badelyn.csproj", "{A13CE2BA-57FA-41AF-AB9D-235F96783DBA}"
EndProject
Global
	GlobalSection(SolutionConfigurationPlatforms) = preSolution
		Debug|Any CPU = Debug|Any CPU
		Release|Any CPU = Release|Any CPU
	EndGlobalSection
	GlobalSection(ProjectConfigurationPlatforms) = postSolution
		{A13CE2BA-57FA-41AF-AB9D-235F96783DBA}.Debug|Any CPU.ActiveCfg = Debug|Any CPU
		{A13CE2BA-57FA-41AF-AB9D-235F96783DBA}.Debug|Any CPU.Build.0 = Debug|Any CPU
		{A13CE2BA-57FA-41AF-AB9D-235F96783DBA}.Release|Any CPU.ActiveCfg = Release|Any CPU
		{A13CE2BA-57FA-41AF-AB9D-235F96783DBA}.Release|Any CPU.Build.0 = Release|Any CPU
	EndGlobalSection
	GlobalSection(SolutionProperties) = preSolution
		HideSolutionNode = FALSE
	EndGlobalSection
	GlobalSection(ExtensibilityGlobals) = postSolution
		SolutionGuid = {75389BF7-FB93-4663-BF5E-3F42C36D3D0C}
	EndGlobalSection
EndGlobal
