
Microsoft Visual Studio Solution File, Format Version 12.00
# Visual Studio Version 17
VisualStudioVersion = 17.11.35208.52
MinimumVisualStudioVersion = 10.0.40219.1
Project("{FAE04EC0-301F-11D3-BF4B-00C04F79EFBC}") = "Contraseña", "Contraseña\Contraseña.csproj", "{D9E4051A-28BD-4EC9-8B9B-185532332DDC}"
EndProject
Global
	GlobalSection(SolutionConfigurationPlatforms) = preSolution
		Debug|Any CPU = Debug|Any CPU
		Release|Any CPU = Release|Any CPU
	EndGlobalSection
	GlobalSection(ProjectConfigurationPlatforms) = postSolution
		{D9E4051A-28BD-4EC9-8B9B-185532332DDC}.Debug|Any CPU.ActiveCfg = Debug|Any CPU
		{D9E4051A-28BD-4EC9-8B9B-185532332DDC}.Debug|Any CPU.Build.0 = Debug|Any CPU
		{D9E4051A-28BD-4EC9-8B9B-185532332DDC}.Release|Any CPU.ActiveCfg = Release|Any CPU
		{D9E4051A-28BD-4EC9-8B9B-185532332DDC}.Release|Any CPU.Build.0 = Release|Any CPU
	EndGlobalSection
	GlobalSection(SolutionProperties) = preSolution
		HideSolutionNode = FALSE
	EndGlobalSection
	GlobalSection(ExtensibilityGlobals) = postSolution
		SolutionGuid = {F4930D6D-2E10-4686-9C1A-7C095FCCB8AF}
	EndGlobalSection
EndGlobal
